
Microsoft Visual Studio Solution File, Format Version 12.00
# Visual Studio Version 16
VisualStudioVersion = 16.0.31911.196
MinimumVisualStudioVersion = 10.0.40219.1
Project("{FAE04EC0-301F-11D3-BF4B-00C04F79EFBC}") = "PishiStiray_Demo", "PishiStiray_Demo.csproj", "{5341D3BB-05A7-4178-B786-60FF9A9328BE}"
EndProject
Global
	GlobalSection(SolutionConfigurationPlatforms) = preSolution
		Debug|Any CPU = Debug|Any CPU
		Release|Any CPU = Release|Any CPU
	EndGlobalSection
	GlobalSection(ProjectConfigurationPlatforms) = postSolution
		{5341D3BB-05A7-4178-B786-60FF9A9328BE}.Debug|Any CPU.ActiveCfg = Debug|Any CPU
		{5341D3BB-05A7-4178-B786-60FF9A9328BE}.Debug|Any CPU.Build.0 = Debug|Any CPU
		{5341D3BB-05A7-4178-B786-60FF9A9328BE}.Release|Any CPU.ActiveCfg = Release|Any CPU
		{5341D3BB-05A7-4178-B786-60FF9A9328BE}.Release|Any CPU.Build.0 = Release|Any CPU
	EndGlobalSection
	GlobalSection(SolutionProperties) = preSolution
		HideSolutionNode = FALSE
	EndGlobalSection
	GlobalSection(ExtensibilityGlobals) = postSolution
		SolutionGuid = {E25B690F-0020-40F6-BC17-521B22F15997}
	EndGlobalSection
EndGlobal
